
Microsoft Visual Studio Solution File, Format Version 12.00
# Visual Studio Version 17
VisualStudioVersion = 17.9.34714.143
MinimumVisualStudioVersion = 10.0.40219.1
Project("{FAE04EC0-301F-11D3-BF4B-00C04F79EFBC}") = "C&V", "C&V.csproj", "{6810AB0B-0DBC-4D4E-848F-7E07EE5AF845}"
EndProject
Global
	GlobalSection(SolutionConfigurationPlatforms) = preSolution
		Debug|Any CPU = Debug|Any CPU
		Release|Any CPU = Release|Any CPU
	EndGlobalSection
	GlobalSection(ProjectConfigurationPlatforms) = postSolution
		{6810AB0B-0DBC-4D4E-848F-7E07EE5AF845}.Debug|Any CPU.ActiveCfg = Debug|Any CPU
		{6810AB0B-0DBC-4D4E-848F-7E07EE5AF845}.Debug|Any CPU.Build.0 = Debug|Any CPU
		{6810AB0B-0DBC-4D4E-848F-7E07EE5AF845}.Release|Any CPU.ActiveCfg = Release|Any CPU
		{6810AB0B-0DBC-4D4E-848F-7E07EE5AF845}.Release|Any CPU.Build.0 = Release|Any CPU
	EndGlobalSection
	GlobalSection(SolutionProperties) = preSolution
		HideSolutionNode = FALSE
	EndGlobalSection
	GlobalSection(ExtensibilityGlobals) = postSolution
		SolutionGuid = {A26B7C2E-60B1-4B35-8943-1A6F4E057913}
	EndGlobalSection
EndGlobal
